
Microsoft Visual Studio Solution File, Format Version 12.00
# Visual Studio Version 17
Project("{2150E333-8FDC-42A3-9474-1A3956D46DE8}") = "CMakePredefinedTargets", "CMakePredefinedTargets", "{F234F9AD-BECC-3D5B-BAC3-FABD19F9C3E7}"
EndProject
Project("{8BC9CEB8-8B4A-11D0-8D11-00A0C91BC942}") = "ALL_BUILD", "ALL_BUILD.vcxproj", "{052C23FD-8382-335C-A8E0-70C2A6A27E1D}"
	ProjectSection(ProjectDependencies) = postProject
		{141A08D4-E050-3DC3-B233-9A62A28667EF} = {141A08D4-E050-3DC3-B233-9A62A28667EF}
		{B4600121-4757-3742-8BA5-D5A1B4BB6E80} = {B4600121-4757-3742-8BA5-D5A1B4BB6E80}
	EndProjectSection
EndProject
Project("{8BC9CEB8-8B4A-11D0-8D11-00A0C91BC942}") = "ZERO_CHECK", "ZERO_CHECK.vcxproj", "{141A08D4-E050-3DC3-B233-9A62A28667EF}"
	ProjectSection(ProjectDependencies) = postProject
	EndProjectSection
EndProject
Project("{8BC9CEB8-8B4A-11D0-8D11-00A0C91BC942}") = "vm", "vm.vcxproj", "{B4600121-4757-3742-8BA5-D5A1B4BB6E80}"
	ProjectSection(ProjectDependencies) = postProject
		{141A08D4-E050-3DC3-B233-9A62A28667EF} = {141A08D4-E050-3DC3-B233-9A62A28667EF}
	EndProjectSection
EndProject
Global
	GlobalSection(SolutionConfigurationPlatforms) = preSolution
		Debug|x64 = Debug|x64
		Release|x64 = Release|x64
		MinSizeRel|x64 = MinSizeRel|x64
		RelWithDebInfo|x64 = RelWithDebInfo|x64
	EndGlobalSection
	GlobalSection(ProjectConfigurationPlatforms) = postSolution
		{052C23FD-8382-335C-A8E0-70C2A6A27E1D}.Debug|x64.ActiveCfg = Debug|x64
		{052C23FD-8382-335C-A8E0-70C2A6A27E1D}.Release|x64.ActiveCfg = Release|x64
		{052C23FD-8382-335C-A8E0-70C2A6A27E1D}.MinSizeRel|x64.ActiveCfg = MinSizeRel|x64
		{052C23FD-8382-335C-A8E0-70C2A6A27E1D}.RelWithDebInfo|x64.ActiveCfg = RelWithDebInfo|x64
		{141A08D4-E050-3DC3-B233-9A62A28667EF}.Debug|x64.ActiveCfg = Debug|x64
		{141A08D4-E050-3DC3-B233-9A62A28667EF}.Debug|x64.Build.0 = Debug|x64
		{141A08D4-E050-3DC3-B233-9A62A28667EF}.Release|x64.ActiveCfg = Release|x64
		{141A08D4-E050-3DC3-B233-9A62A28667EF}.Release|x64.Build.0 = Release|x64
		{141A08D4-E050-3DC3-B233-9A62A28667EF}.MinSizeRel|x64.ActiveCfg = MinSizeRel|x64
		{141A08D4-E050-3DC3-B233-9A62A28667EF}.MinSizeRel|x64.Build.0 = MinSizeRel|x64
		{141A08D4-E050-3DC3-B233-9A62A28667EF}.RelWithDebInfo|x64.ActiveCfg = RelWithDebInfo|x64
		{141A08D4-E050-3DC3-B233-9A62A28667EF}.RelWithDebInfo|x64.Build.0 = RelWithDebInfo|x64
		{B4600121-4757-3742-8BA5-D5A1B4BB6E80}.Debug|x64.ActiveCfg = Debug|x64
		{B4600121-4757-3742-8BA5-D5A1B4BB6E80}.Debug|x64.Build.0 = Debug|x64
		{B4600121-4757-3742-8BA5-D5A1B4BB6E80}.Release|x64.ActiveCfg = Release|x64
		{B4600121-4757-3742-8BA5-D5A1B4BB6E80}.Release|x64.Build.0 = Release|x64
		{B4600121-4757-3742-8BA5-D5A1B4BB6E80}.MinSizeRel|x64.ActiveCfg = MinSizeRel|x64
		{B4600121-4757-3742-8BA5-D5A1B4BB6E80}.MinSizeRel|x64.Build.0 = MinSizeRel|x64
		{B4600121-4757-3742-8BA5-D5A1B4BB6E80}.RelWithDebInfo|x64.ActiveCfg = RelWithDebInfo|x64
		{B4600121-4757-3742-8BA5-D5A1B4BB6E80}.RelWithDebInfo|x64.Build.0 = RelWithDebInfo|x64
	EndGlobalSection
	GlobalSection(NestedProjects) = preSolution
		{052C23FD-8382-335C-A8E0-70C2A6A27E1D} = {F234F9AD-BECC-3D5B-BAC3-FABD19F9C3E7}
		{141A08D4-E050-3DC3-B233-9A62A28667EF} = {F234F9AD-BECC-3D5B-BAC3-FABD19F9C3E7}
	EndGlobalSection
	GlobalSection(ExtensibilityGlobals) = postSolution
		SolutionGuid = {B375FBB3-884B-3A2E-9CD9-ABC8588DF895}
	EndGlobalSection
	GlobalSection(ExtensibilityAddIns) = postSolution
	EndGlobalSection
EndGlobal
